
Microsoft Visual Studio Solution File, Format Version 12.00
# Visual Studio Version 16
VisualStudioVersion = 16.0.30804.86
MinimumVisualStudioVersion = 10.0.40219.1
Project("{FAE04EC0-301F-11D3-BF4B-00C04F79EFBC}") = "Magazino", "Magazino\Magazino.csproj", "{195FB087-6768-4DB8-8DAA-41B79D1FA8BC}"
EndProject
Global
	GlobalSection(SolutionConfigurationPlatforms) = preSolution
		Debug|Any CPU = Debug|Any CPU
		Release|Any CPU = Release|Any CPU
	EndGlobalSection
	GlobalSection(ProjectConfigurationPlatforms) = postSolution
		{195FB087-6768-4DB8-8DAA-41B79D1FA8BC}.Debug|Any CPU.ActiveCfg = Debug|Any CPU
		{195FB087-6768-4DB8-8DAA-41B79D1FA8BC}.Debug|Any CPU.Build.0 = Debug|Any CPU
		{195FB087-6768-4DB8-8DAA-41B79D1FA8BC}.Release|Any CPU.ActiveCfg = Release|Any CPU
		{195FB087-6768-4DB8-8DAA-41B79D1FA8BC}.Release|Any CPU.Build.0 = Release|Any CPU
	EndGlobalSection
	GlobalSection(SolutionProperties) = preSolution
		HideSolutionNode = FALSE
	EndGlobalSection
	GlobalSection(ExtensibilityGlobals) = postSolution
		SolutionGuid = {C53A3227-B014-45FE-A83E-FC77BD9D8B60}
	EndGlobalSection
EndGlobal
